{
  "name": "mono-acquiring-node",
  "version": "1.0.0",
  "lockfileVersion": 3,
  "requires": true,
  "packages": {
    "": {
      "name": "mono-acquiring-node",
      "version": "1.0.0",
      "license": "ISC",
      "dependencies": {
        "zod": "^4.1.5"
      }
    },
    "node_modules/zod": {
      "version": "4.1.5",
      "resolved": "https://registry.npmjs.org/zod/-/zod-4.1.5.tgz",
      "integrity": "sha512-rcUUZqlLJgBC33IT3PNMgsCq6TzLQEG/Ei/KTCU0PedSWRMAXoOUN+4t/0H+Q8bdnLPdqUYnvboJT0bn/229qg==",
      "license": "MIT",
      "funding": {
        "url": "https://github.com/sponsors/colinhacks"
      }
    }
  }
}
